Microsoft Visual Studio Solution File, Format Version 12.00
# Visual Studio Version 17
VisualStudioVersion = 17.5.2.0
MinimumVisualStudioVersion = 10.0.40219.1
Project("{FAE04EC0-301F-11D3-BF4B-00C04F79EFBC}") = "AlphaHemAPI", "AlphaHemAPI.csproj", "{A5EF42FF-E9C9-F069-ED14-545A05066EEE}"
EndProject
Global
	GlobalSection(SolutionConfigurationPlatforms) = preSolution
		Debug|Any CPU = Debug|Any CPU
		Release|Any CPU = Release|Any CPU
	EndGlobalSection
	GlobalSection(ProjectConfigurationPlatforms) = postSolution
		{A5EF42FF-E9C9-F069-ED14-545A05066EEE}.Debug|Any CPU.ActiveCfg = Debug|Any CPU
		{A5EF42FF-E9C9-F069-ED14-545A05066EEE}.Debug|Any CPU.Build.0 = Debug|Any CPU
		{A5EF42FF-E9C9-F069-ED14-545A05066EEE}.Release|Any CPU.ActiveCfg = Release|Any CPU
		{A5EF42FF-E9C9-F069-ED14-545A05066EEE}.Release|Any CPU.Build.0 = Release|Any CPU
	EndGlobalSection
	GlobalSection(SolutionProperties) = preSolution
		HideSolutionNode = FALSE
	EndGlobalSection
	GlobalSection(ExtensibilityGlobals) = postSolution
		SolutionGuid = {A606E3FA-58B4-4B6C-BA30-5E5DD7481E9D}
	EndGlobalSection
EndGlobal
